{
  "name": "ohos-tailscale",
  "version": "0.1.0",
  "lockfileVersion": 3,
  "requires": true,
  "packages": {
    "": {
      "name": "ohos-tailscale",
      "version": "0.1.0",
      "workspaces": [
        "packages/*"
      ],
      "devDependencies": {
        "@types/node": "^26.6.3",
        "tweetnacl": "^1.0.3",
        "typescript": "5.9"
      }
    },
    "node_modules/@ohos-tailscale/common": {
      "resolved": "packages/common",
      "link": true
    },
    "node_modules/@ohos-tailscale/control": {
      "resolved": "packages/control",
      "link": true
    },
    "node_modules/@ohos-tailscale/crypto": {
      "resolved": "packages/crypto",
      "link": true
    },
    "node_modules/@ohos-tailscale/derp": {
      "resolved": "packages/derp",
      "link": true
    },
    "node_modules/@ohos-tailscale/disco": {
      "resolved": "packages/disco",
      "link": true
    },
    "node_modules/@ohos-tailscale/netcheck": {
      "resolved": "packages/netcheck",
      "link": true
    },
    "node_modules/@ohos-tailscale/noise": {
      "resolved": "packages/noise",
      "link": true
    },
    "node_modules/@ohos-tailscale/wireguard": {
      "resolved": "packages/wireguard",
      "link": true
    },
    "node_modules/@types/node": {
      "version": "26.6.3",
      "resolved": "https://registry.npmmirror.com/@types/node/-/node-26.6.3.tgz",
      "integrity": "sha512-dsqMQQoeTLqu9wynDD00q573mNzso3IdQOAfHRJqLCcmCFPoGo9A1bDpUcv/9tnKpErQWv9uKeGfl37EIS02Yg==",
      "dev": true,
      "license": "MIT",
      "dependencies": {
        "undici-types": "~8.9.0"
      }
    },
    "node_modules/tweetnacl": {
      "version": "1.0.3",
      "resolved": "https://registry.npmmirror.com/tweetnacl/-/tweetnacl-1.0.3.tgz",
      "integrity": "sha512-6rt+RN7aOi1nGMyC4Xa5DdYiukl2UWCbcJft7YhxReBGQD7OAM8Pbxw6YMo4r2diNEA8FEmu32YOn9rhaiE5yw==",
      "dev": true,
      "license": "Unlicense"
    },
    "node_modules/typescript": {
      "version": "5.9.3",
      "resolved": "https://registry.npmmirror.com/typescript/-/typescript-5.9.3.tgz",
      "integrity": "sha512-jl1vZzPDinLr9eUt3J/t7V6FgNEw9QjvBPdysz9KfQDD41fQrC2Y4vKQdiaUpFT4bXlb1RHhLpp8wtm6M5TgSw==",
      "dev": true,
      "license": "Apache-2.0",
      "bin": {
        "tsc": "bin/tsc",
        "tsserver": "bin/tsserver"
      },
      "engines": {
        "node": ">=14.17"
      }
    },
    "node_modules/undici-types": {
      "version": "8.9.0",
      "resolved": "https://registry.npmmirror.com/undici-types/-/undici-types-8.9.0.tgz",
      "integrity": "sha512-KTDyRTYX8sWmKXAikPHHSyc63CRPETMctyjKFupcC6OBLXT3xsN0e9aF7m+mIXutFWpUXuedtowG7iLOzp0kQg==",
      "dev": true,
      "license": "MIT"
    },
    "packages/common": {
      "name": "@ohos-tailscale/common",
      "version": "0.1.0"
    },
    "packages/control": {
      "name": "@ohos-tailscale/control",
      "version": "0.1.0"
    },
    "packages/crypto": {
      "name": "@ohos-tailscale/crypto",
      "version": "0.1.0"
    },
    "packages/derp": {
      "name": "@ohos-tailscale/derp",
      "version": "0.1.0",
      "dependencies": {
        "@ohos-tailscale/common": "^0.1.0"
      }
    },
    "packages/disco": {
      "name": "@ohos-tailscale/disco",
      "version": "0.1.0",
      "dependencies": {
        "@ohos-tailscale/common": "^0.1.0",
        "@ohos-tailscale/crypto": "^0.1.0"
      }
    },
    "packages/netcheck": {
      "name": "@ohos-tailscale/netcheck",
      "version": "0.1.0",
      "dependencies": {
        "@ohos-tailscale/common": "^0.1.0"
      }
    },
    "packages/noise": {
      "name": "@ohos-tailscale/noise",
      "version": "0.1.0"
    },
    "packages/wireguard": {
      "name": "@ohos-tailscale/wireguard",
      "version": "0.1.0"
    }
  }
}
